
Microsoft Visual Studio Solution File, Format Version 12.00
# Visual Studio Version 17
VisualStudioVersion = 17.12.35521.163
MinimumVisualStudioVersion = 10.0.40219.1
Project("{9A19103F-16F7-4668-BE54-9A1E7A4F7556}") = "Framework.Core", "Src\Framework.Core\Framework.Core.csproj", "{77F971FC-0024-4A4C-BB99-B003EB8909FC}"
EndProject
Project("{9A19103F-16F7-4668-BE54-9A1E7A4F7556}") = "Framework.Domain", "Src\Framework.Domain\Framework.Domain.csproj", "{CFAB7965-3BE0-411C-A07D-97F046F4BE3C}"
EndProject
Project("{9A19103F-16F7-4668-BE54-9A1E7A4F7556}") = "Framework.Application", "Src\Framework.Application\Framework.Application.csproj", "{9F894AC6-D740-4591-B079-1DAE033E3FEE}"
EndProject
Project("{9A19103F-16F7-4668-BE54-9A1E7A4F7556}") = "Framework.Application.Contracts", "Src\Framework.Application.Contracts\Framework.Application.Contracts.csproj", "{9924411C-F898-4151-BE64-7857EC994881}"
EndProject
Project("{9A19103F-16F7-4668-BE54-9A1E7A4F7556}") = "Framework.DataAccess.EF", "Src\Framework.DataAccess.EF\Framework.DataAccess.EF.csproj", "{BE0AC29F-5153-4483-AB9B-E62A9FAF829F}"
EndProject
Project("{9A19103F-16F7-4668-BE54-9A1E7A4F7556}") = "Framework.DataAccess.NH", "Src\Framework.DataAccess.NH\Framework.DataAccess.NH.csproj", "{DBC565A9-DEBE-4B77-9E18-42108836CC52}"
EndProject
Project("{9A19103F-16F7-4668-BE54-9A1E7A4F7556}") = "Framework.Config", "Src\Framework.Config\Framework.Config.csproj", "{D144B8EA-90D2-48CC-8DC8-6A06AA7DD36D}"
EndProject
Project("{9A19103F-16F7-4668-BE54-9A1E7A4F7556}") = "Framework.Logging.SeriLog", "Src\Framework.Logging.SeriLog\Framework.Logging.SeriLog.csproj", "{E9600BE2-9FF9-41AD-943C-384C06D182B0}"
EndProject
Project("{9A19103F-16F7-4668-BE54-9A1E7A4F7556}") = "Framework.Specification", "Src\Framework.Specification\Framework.Specification.csproj", "{5DB600B0-6423-4302-9D73-936B1B1E5809}"
EndProject
Project("{9A19103F-16F7-4668-BE54-9A1E7A4F7556}") = "Framework.Query", "Src\Framework.Query\Framework.Query.csproj", "{8C0FE58F-C388-4628-ACD0-D9BAF5A0A7C6}"
EndProject
Project("{9A19103F-16F7-4668-BE54-9A1E7A4F7556}") = "_build", "..\buildscript\_build.csproj", "{AF179CE5-28A8-40AE-AE25-916AA54189BB}"
EndProject
Project("{2150E333-8FDC-42A3-9474-1A3956D46DE8}") = "Build", "Build", "{4D7D203F-15A2-4FE9-9472-11FA71A5803D}"
EndProject
Project("{2150E333-8FDC-42A3-9474-1A3956D46DE8}") = "Src", "Src", "{25A183FD-7661-4697-96E4-895E57A64352}"
EndProject
Project("{2150E333-8FDC-42A3-9474-1A3956D46DE8}") = "Test", "Test", "{164B764B-2856-4EE7-8BC6-2E8EE4AD9320}"
EndProject
Project("{9A19103F-16F7-4668-BE54-9A1E7A4F7556}") = "Framework.Authorization", "Src\Framework.Authorization\Framework.Authorization.csproj", "{D569A146-FAE1-4C32-B2FC-A735982556A3}"
EndProject
Project("{9A19103F-16F7-4668-BE54-9A1E7A4F7556}") = "Framework.Testing.Core", "Src\Framework.Testing.Core\Framework.Testing.Core.csproj", "{BF13E0AD-2990-4093-8B36-B1C8D09D02DF}"
EndProject
Project("{9A19103F-16F7-4668-BE54-9A1E7A4F7556}") = "Framework.Domain.Tests.Unit", "Test\Framework.Domain.Tests.Unit\Framework.Domain.Tests.Unit.csproj", "{4673B6AA-02FE-428D-8074-CCFFDE74FA9A}"
EndProject
Project("{9A19103F-16F7-4668-BE54-9A1E7A4F7556}") = "Framework.Restful", "Src\Framework.Restful\Framework.Restful.csproj", "{1E900E62-0D52-44D6-B472-6BF8F40CBD89}"
EndProject
Project("{9A19103F-16F7-4668-BE54-9A1E7A4F7556}") = "Framework.Utility", "Src\Framework.Utility\Framework.Utility.csproj", "{66710C5F-2BD9-45EC-823C-DD1266AF3985}"
EndProject
Project("{9A19103F-16F7-4668-BE54-9A1E7A4F7556}") = "Framework.DataAccess.Mongo", "Src\Framework.DataAccess.Mongo\Framework.DataAccess.Mongo.csproj", "{BF0260CF-CCF5-4BAC-90F9-BF811B092A15}"
EndProject
Project("{9A19103F-16F7-4668-BE54-9A1E7A4F7556}") = "Framework.Swagger", "Src\Framework.Swagger\Framework.Swagger.csproj", "{6C4B2A4F-97F4-41BA-8CC0-BF0167A1BFAF}"
EndProject
Project("{2150E333-8FDC-42A3-9474-1A3956D46DE8}") = "Solution Items", "Solution Items", "{F9F65051-B67D-494A-A146-CD11C9CC8D4C}"
	ProjectSection(SolutionItems) = preProject
		Directory.Build.targets = Directory.Build.targets
	EndProjectSection
EndProject
Project("{9A19103F-16F7-4668-BE54-9A1E7A4F7556}") = "Framework.Config.Autofac", "Src\Framework.Config.Autofac\Framework.Config.Autofac.csproj", "{ECCF0B18-4ED8-417B-81A8-80051CD24E71}"
EndProject
Project("{9A19103F-16F7-4668-BE54-9A1E7A4F7556}") = "Framework.Consul", "Src\Framework.Consul\Framework.Consul.csproj", "{2ECF92AC-B2B8-457B-856D-8251284C4128}"
EndProject
Project("{9A19103F-16F7-4668-BE54-9A1E7A4F7556}") = "Framework.EasyNetQ", "Src\Framework.EasyNetQ\Framework.EasyNetQ.csproj", "{98A75E0B-6E14-4953-B972-9D3574F463A5}"
EndProject
Project("{9A19103F-16F7-4668-BE54-9A1E7A4F7556}") = "Framework.MassTransit", "Src\Framework.MassTransit\Framework.MassTransit.csproj", "{107B62D5-D0E2-4F9E-BD3B-81860CF868D8}"
EndProject
Project("{9A19103F-16F7-4668-BE54-9A1E7A4F7556}") = "Framework.RabbitMQ", "Src\Framework.RabbitMQ\Framework.RabbitMQ.csproj", "{B1D82C76-7216-4719-9296-6E5483254A99}"
EndProject
Project("{9A19103F-16F7-4668-BE54-9A1E7A4F7556}") = "Framework.Redis", "Src\Framework.Redis\Framework.Redis.csproj", "{2354D154-3C8F-4DD5-B698-8EF7D37238A8}"
EndProject
Project("{9A19103F-16F7-4668-BE54-9A1E7A4F7556}") = "Framework.Messages", "Src\Framework.Messages\Framework.Messages.csproj", "{2A2489ED-CDB0-4CA6-BB40-30FFD24D900F}"
EndProject
Project("{9A19103F-16F7-4668-BE54-9A1E7A4F7556}") = "Framework.FileUpload", "Src\Framework.FileUpload\Framework.FileUpload.csproj", "{A93164F9-30DC-4C47-92A9-411B1EF00C12}"
EndProject
Project("{9A19103F-16F7-4668-BE54-9A1E7A4F7556}") = "Framework.Kafka", "Src\Framework.Kafka\Framework.Kafka.csproj", "{55540178-A247-4588-9085-69B8A1C61D68}"
EndProject
Project("{9A19103F-16F7-4668-BE54-9A1E7A4F7556}") = "Framework.Hazelcast", "Src\Framework.Hazelcast\Framework.Hazelcast.csproj", "{B786D1B4-CE89-4470-AB1E-58A4B3D01615}"
EndProject
Project("{2150E333-8FDC-42A3-9474-1A3956D46DE8}") = "DataAccess", "DataAccess", "{D54D07CB-8231-46E9-9C59-140FE9FF9188}"
EndProject
Project("{9A19103F-16F7-4668-BE54-9A1E7A4F7556}") = "Framework.Authentication", "Src\Framework.Authentication\Framework.Authentication.csproj", "{ED89C950-BB68-4FF2-B17D-53A72DFC0FB2}"
EndProject
Project("{9A19103F-16F7-4668-BE54-9A1E7A4F7556}") = "Framework.Idempotency", "Src\Framework.Idempotency\Framework.Idempotency.csproj", "{A2E96AD4-8350-42BF-88BF-D5C1BCC6BE25}"
EndProject
Project("{9A19103F-16F7-4668-BE54-9A1E7A4F7556}") = "Framework.Idempotency.Sql", "Src\Framework.Idempotency.Sql\Framework.Idempotency.Sql.csproj", "{7A68CC10-C393-4D13-A54D-7E455D596D12}"
EndProject
Project("{9A19103F-16F7-4668-BE54-9A1E7A4F7556}") = "Framework.Idempotency.Mongo", "Src\Framework.Idempotency.Mongo\Framework.Idempotency.Mongo.csproj", "{35ADA45F-F02E-42A9-A26E-1AB2141E0490}"
EndProject
Project("{9A19103F-16F7-4668-BE54-9A1E7A4F7556}") = "Framework.EventProcessor", "Src\Framework.EventProcessor\Framework.EventProcessor.csproj", "{725E5504-EF7E-4970-BB31-8D0B4BDA69A5}"
EndProject
Project("{9A19103F-16F7-4668-BE54-9A1E7A4F7556}") = "Framework.Caching", "Src\Framework.Caching\Framework.Caching.csproj", "{932F522B-5AFF-4316-8053-3910F0B02319}"
EndProject
Project("{9A19103F-16F7-4668-BE54-9A1E7A4F7556}") = "Framework.Caching.Extensions.DependencyInjection", "Src\Framework.Caching.Extensions.DependencyInjection\Framework.Caching.Extensions.DependencyInjection.csproj", "{977779CC-1678-4400-9143-235B53538BBF}"
EndProject
Project("{9A19103F-16F7-4668-BE54-9A1E7A4F7556}") = "Framework.Caching.Extensions.Redis", "Src\Framework.Caching.Extensions.Redis\Framework.Caching.Extensions.Redis.csproj", "{AEBFBAC0-433B-4655-BF15-DB52381417D8}"
EndProject
Project("{9A19103F-16F7-4668-BE54-9A1E7A4F7556}") = "Framework.Caching.Extensions.Configuration", "Src\Framework.Caching.Extensions.Configuration\Framework.Caching.Extensions.Configuration.csproj", "{B5037B58-2603-4330-9EF6-AD7A4432C401}"
EndProject
Project("{9A19103F-16F7-4668-BE54-9A1E7A4F7556}") = "Framework.Caching.Extensions.DotnetCore", "Src\Framework.Caching.Extensions.DotnetCore\Framework.Caching.Extensions.DotnetCore.csproj", "{F0E0B777-2EE5-4003-AE69-1F7AAA20DD9F}"
EndProject
Project("{9A19103F-16F7-4668-BE54-9A1E7A4F7556}") = "Framework.Caching.Extensions.Abstractions", "Src\Framework.Caching.Extensions.Abstractions\Framework.Caching.Extensions.Abstractions.csproj", "{6D88DB88-083D-4143-9CEA-4801A9C38D8A}"
EndProject
Project("{9A19103F-16F7-4668-BE54-9A1E7A4F7556}") = "Framework.MassTransit.Message", "Src\Framework.MassTransit.Message\Framework.MassTransit.Message.csproj", "{110463A6-A0D4-4022-B79E-8B235A7EECD4}"
EndProject
Project("{9A19103F-16F7-4668-BE54-9A1E7A4F7556}") = "Framework.Security", "Src\Framework.Security\Framework.Security.csproj", "{E590FEA4-A00C-4E73-81ED-19F8049682BA}"
EndProject
Project("{9A19103F-16F7-4668-BE54-9A1E7A4F7556}") = "Framework.DataAccess.ClickHouse", "Src\Framework.DataAccess.Clickhouse\Framework.DataAccess.ClickHouse.csproj", "{1814313E-1DF5-412C-8A19-EF1F1F3D7668}"
EndProject
Project("{9A19103F-16F7-4668-BE54-9A1E7A4F7556}") = "Framework.FileUpload.Minio", "Src\Framework.FileUpload.Minio\Framework.FileUpload.Minio.csproj", "{CF81E655-0B29-45E3-BDAD-20B5BC4B22DC}"
EndProject
Project("{9A19103F-16F7-4668-BE54-9A1E7A4F7556}") = "Framework.AspNetCore", "Src\Framework.AspNetCore\Framework.AspNetCore.csproj", "{CD2356B5-A117-4649-A610-8F7411197209}"
EndProject
Project("{9A19103F-16F7-4668-BE54-9A1E7A4F7556}") = "Framework.HealthCheck", "Src\Framework.HealthCheck\Framework.HealthCheck.csproj", "{2453FD47-15C9-48DB-A0AC-5847BBCBF941}"
EndProject
Project("{9A19103F-16F7-4668-BE54-9A1E7A4F7556}") = "Framework.Sentry", "Src\Framework.Sentry\Framework.Sentry.csproj", "{9125A645-906E-438B-A85F-E826EE0F1562}"
EndProject
Project("{9A19103F-16F7-4668-BE54-9A1E7A4F7556}") = "Framework.DataAccess.CH", "Src\Framework.DataAccess.ClickHouse.CH\Framework.DataAccess.CH.csproj", "{0153776A-5FE2-40D3-8639-35D6DB4BFFF1}"
EndProject
Project("{9A19103F-16F7-4668-BE54-9A1E7A4F7556}") = "Framework.Utility.Tests.Unit", "Test\Framework.Utility.Tests.Unit\Framework.Utility.Tests.Unit.csproj", "{432A288F-03EB-48E7-8170-D346FD454114}"
EndProject
Project("{9A19103F-16F7-4668-BE54-9A1E7A4F7556}") = "Framework.DataAccess.ClickHouse.Migrator", "Src\Framework.DataAccess.ClickHouse.Migrator\Framework.DataAccess.ClickHouse.Migrator.csproj", "{1DD556A6-286E-45AD-84F1-90DFDF452B28}"
EndProject
Project("{FAE04EC0-301F-11D3-BF4B-00C04F79EFBC}") = "Framework.DataAccess.ClickHouse.Migrator.Tests.Integration", "Test\Framework.DataAccess.ClickHouse.Migrator.Tests.Integration\Framework.DataAccess.ClickHouse.Migrator.Tests.Integration.csproj", "{AD50B032-E5F3-4C75-82E7-E3C426920006}"
EndProject
Project("{FAE04EC0-301F-11D3-BF4B-00C04F79EFBC}") = "Framework.RateLimit", "Src\Framework.RateLimit\Framework.RateLimit.csproj", "{6B3CC3A5-C21E-44B7-B872-1C3194D68CED}"
EndProject
Global
	GlobalSection(SolutionConfigurationPlatforms) = preSolution
		Debug|Any CPU = Debug|Any CPU
		Release|Any CPU = Release|Any CPU
	EndGlobalSection
	GlobalSection(ProjectConfigurationPlatforms) = postSolution
		{77F971FC-0024-4A4C-BB99-B003EB8909FC}.Debug|Any CPU.ActiveCfg = Debug|Any CPU
		{77F971FC-0024-4A4C-BB99-B003EB8909FC}.Debug|Any CPU.Build.0 = Debug|Any CPU
		{77F971FC-0024-4A4C-BB99-B003EB8909FC}.Release|Any CPU.ActiveCfg = Release|Any CPU
		{77F971FC-0024-4A4C-BB99-B003EB8909FC}.Release|Any CPU.Build.0 = Release|Any CPU
		{CFAB7965-3BE0-411C-A07D-97F046F4BE3C}.Debug|Any CPU.ActiveCfg = Debug|Any CPU
		{CFAB7965-3BE0-411C-A07D-97F046F4BE3C}.Debug|Any CPU.Build.0 = Debug|Any CPU
		{CFAB7965-3BE0-411C-A07D-97F046F4BE3C}.Release|Any CPU.ActiveCfg = Release|Any CPU
		{CFAB7965-3BE0-411C-A07D-97F046F4BE3C}.Release|Any CPU.Build.0 = Release|Any CPU
		{9F894AC6-D740-4591-B079-1DAE033E3FEE}.Debug|Any CPU.ActiveCfg = Debug|Any CPU
		{9F894AC6-D740-4591-B079-1DAE033E3FEE}.Debug|Any CPU.Build.0 = Debug|Any CPU
		{9F894AC6-D740-4591-B079-1DAE033E3FEE}.Release|Any CPU.ActiveCfg = Release|Any CPU
		{9F894AC6-D740-4591-B079-1DAE033E3FEE}.Release|Any CPU.Build.0 = Release|Any CPU
		{9924411C-F898-4151-BE64-7857EC994881}.Debug|Any CPU.ActiveCfg = Debug|Any CPU
		{9924411C-F898-4151-BE64-7857EC994881}.Debug|Any CPU.Build.0 = Debug|Any CPU
		{9924411C-F898-4151-BE64-7857EC994881}.Release|Any CPU.ActiveCfg = Release|Any CPU
		{9924411C-F898-4151-BE64-7857EC994881}.Release|Any CPU.Build.0 = Release|Any CPU
		{BE0AC29F-5153-4483-AB9B-E62A9FAF829F}.Debug|Any CPU.ActiveCfg = Debug|Any CPU
		{BE0AC29F-5153-4483-AB9B-E62A9FAF829F}.Debug|Any CPU.Build.0 = Debug|Any CPU
		{BE0AC29F-5153-4483-AB9B-E62A9FAF829F}.Release|Any CPU.ActiveCfg = Release|Any CPU
		{BE0AC29F-5153-4483-AB9B-E62A9FAF829F}.Release|Any CPU.Build.0 = Release|Any CPU
		{DBC565A9-DEBE-4B77-9E18-42108836CC52}.Debug|Any CPU.ActiveCfg = Debug|Any CPU
		{DBC565A9-DEBE-4B77-9E18-42108836CC52}.Debug|Any CPU.Build.0 = Debug|Any CPU
		{DBC565A9-DEBE-4B77-9E18-42108836CC52}.Release|Any CPU.ActiveCfg = Release|Any CPU
		{DBC565A9-DEBE-4B77-9E18-42108836CC52}.Release|Any CPU.Build.0 = Release|Any CPU
		{D144B8EA-90D2-48CC-8DC8-6A06AA7DD36D}.Debug|Any CPU.ActiveCfg = Debug|Any CPU
		{D144B8EA-90D2-48CC-8DC8-6A06AA7DD36D}.Debug|Any CPU.Build.0 = Debug|Any CPU
		{D144B8EA-90D2-48CC-8DC8-6A06AA7DD36D}.Release|Any CPU.ActiveCfg = Release|Any CPU
		{D144B8EA-90D2-48CC-8DC8-6A06AA7DD36D}.Release|Any CPU.Build.0 = Release|Any CPU
		{E9600BE2-9FF9-41AD-943C-384C06D182B0}.Debug|Any CPU.ActiveCfg = Debug|Any CPU
		{E9600BE2-9FF9-41AD-943C-384C06D182B0}.Debug|Any CPU.Build.0 = Debug|Any CPU
		{E9600BE2-9FF9-41AD-943C-384C06D182B0}.Release|Any CPU.ActiveCfg = Release|Any CPU
		{E9600BE2-9FF9-41AD-943C-384C06D182B0}.Release|Any CPU.Build.0 = Release|Any CPU
		{5DB600B0-6423-4302-9D73-936B1B1E5809}.Debug|Any CPU.ActiveCfg = Debug|Any CPU
		{5DB600B0-6423-4302-9D73-936B1B1E5809}.Debug|Any CPU.Build.0 = Debug|Any CPU
		{5DB600B0-6423-4302-9D73-936B1B1E5809}.Release|Any CPU.ActiveCfg = Release|Any CPU
		{5DB600B0-6423-4302-9D73-936B1B1E5809}.Release|Any CPU.Build.0 = Release|Any CPU
		{8C0FE58F-C388-4628-ACD0-D9BAF5A0A7C6}.Debug|Any CPU.ActiveCfg = Debug|Any CPU
		{8C0FE58F-C388-4628-ACD0-D9BAF5A0A7C6}.Debug|Any CPU.Build.0 = Debug|Any CPU
		{8C0FE58F-C388-4628-ACD0-D9BAF5A0A7C6}.Release|Any CPU.ActiveCfg = Release|Any CPU
		{8C0FE58F-C388-4628-ACD0-D9BAF5A0A7C6}.Release|Any CPU.Build.0 = Release|Any CPU
		{AF179CE5-28A8-40AE-AE25-916AA54189BB}.Debug|Any CPU.ActiveCfg = Debug|Any CPU
		{AF179CE5-28A8-40AE-AE25-916AA54189BB}.Release|Any CPU.ActiveCfg = Release|Any CPU
		{D569A146-FAE1-4C32-B2FC-A735982556A3}.Debug|Any CPU.ActiveCfg = Debug|Any CPU
		{D569A146-FAE1-4C32-B2FC-A735982556A3}.Debug|Any CPU.Build.0 = Debug|Any CPU
		{D569A146-FAE1-4C32-B2FC-A735982556A3}.Release|Any CPU.ActiveCfg = Release|Any CPU
		{D569A146-FAE1-4C32-B2FC-A735982556A3}.Release|Any CPU.Build.0 = Release|Any CPU
		{BF13E0AD-2990-4093-8B36-B1C8D09D02DF}.Debug|Any CPU.ActiveCfg = Debug|Any CPU
		{BF13E0AD-2990-4093-8B36-B1C8D09D02DF}.Debug|Any CPU.Build.0 = Debug|Any CPU
		{BF13E0AD-2990-4093-8B36-B1C8D09D02DF}.Release|Any CPU.ActiveCfg = Release|Any CPU
		{BF13E0AD-2990-4093-8B36-B1C8D09D02DF}.Release|Any CPU.Build.0 = Release|Any CPU
		{4673B6AA-02FE-428D-8074-CCFFDE74FA9A}.Debug|Any CPU.ActiveCfg = Debug|Any CPU
		{4673B6AA-02FE-428D-8074-CCFFDE74FA9A}.Debug|Any CPU.Build.0 = Debug|Any CPU
		{4673B6AA-02FE-428D-8074-CCFFDE74FA9A}.Release|Any CPU.ActiveCfg = Release|Any CPU
		{4673B6AA-02FE-428D-8074-CCFFDE74FA9A}.Release|Any CPU.Build.0 = Release|Any CPU
		{1E900E62-0D52-44D6-B472-6BF8F40CBD89}.Debug|Any CPU.ActiveCfg = Debug|Any CPU
		{1E900E62-0D52-44D6-B472-6BF8F40CBD89}.Debug|Any CPU.Build.0 = Debug|Any CPU
		{1E900E62-0D52-44D6-B472-6BF8F40CBD89}.Release|Any CPU.ActiveCfg = Release|Any CPU
		{1E900E62-0D52-44D6-B472-6BF8F40CBD89}.Release|Any CPU.Build.0 = Release|Any CPU
		{66710C5F-2BD9-45EC-823C-DD1266AF3985}.Debug|Any CPU.ActiveCfg = Debug|Any CPU
		{66710C5F-2BD9-45EC-823C-DD1266AF3985}.Debug|Any CPU.Build.0 = Debug|Any CPU
		{66710C5F-2BD9-45EC-823C-DD1266AF3985}.Release|Any CPU.ActiveCfg = Release|Any CPU
		{66710C5F-2BD9-45EC-823C-DD1266AF3985}.Release|Any CPU.Build.0 = Release|Any CPU
		{BF0260CF-CCF5-4BAC-90F9-BF811B092A15}.Debug|Any CPU.ActiveCfg = Debug|Any CPU
		{BF0260CF-CCF5-4BAC-90F9-BF811B092A15}.Debug|Any CPU.Build.0 = Debug|Any CPU
		{BF0260CF-CCF5-4BAC-90F9-BF811B092A15}.Release|Any CPU.ActiveCfg = Release|Any CPU
		{BF0260CF-CCF5-4BAC-90F9-BF811B092A15}.Release|Any CPU.Build.0 = Release|Any CPU
		{6C4B2A4F-97F4-41BA-8CC0-BF0167A1BFAF}.Debug|Any CPU.ActiveCfg = Debug|Any CPU
		{6C4B2A4F-97F4-41BA-8CC0-BF0167A1BFAF}.Debug|Any CPU.Build.0 = Debug|Any CPU
		{6C4B2A4F-97F4-41BA-8CC0-BF0167A1BFAF}.Release|Any CPU.ActiveCfg = Release|Any CPU
		{6C4B2A4F-97F4-41BA-8CC0-BF0167A1BFAF}.Release|Any CPU.Build.0 = Release|Any CPU
		{ECCF0B18-4ED8-417B-81A8-80051CD24E71}.Debug|Any CPU.ActiveCfg = Debug|Any CPU
		{ECCF0B18-4ED8-417B-81A8-80051CD24E71}.Debug|Any CPU.Build.0 = Debug|Any CPU
		{ECCF0B18-4ED8-417B-81A8-80051CD24E71}.Release|Any CPU.ActiveCfg = Release|Any CPU
		{ECCF0B18-4ED8-417B-81A8-80051CD24E71}.Release|Any CPU.Build.0 = Release|Any CPU
		{2ECF92AC-B2B8-457B-856D-8251284C4128}.Debug|Any CPU.ActiveCfg = Debug|Any CPU
		{2ECF92AC-B2B8-457B-856D-8251284C4128}.Debug|Any CPU.Build.0 = Debug|Any CPU
		{2ECF92AC-B2B8-457B-856D-8251284C4128}.Release|Any CPU.ActiveCfg = Release|Any CPU
		{2ECF92AC-B2B8-457B-856D-8251284C4128}.Release|Any CPU.Build.0 = Release|Any CPU
		{98A75E0B-6E14-4953-B972-9D3574F463A5}.Debug|Any CPU.ActiveCfg = Debug|Any CPU
		{98A75E0B-6E14-4953-B972-9D3574F463A5}.Debug|Any CPU.Build.0 = Debug|Any CPU
		{98A75E0B-6E14-4953-B972-9D3574F463A5}.Release|Any CPU.ActiveCfg = Release|Any CPU
		{98A75E0B-6E14-4953-B972-9D3574F463A5}.Release|Any CPU.Build.0 = Release|Any CPU
		{107B62D5-D0E2-4F9E-BD3B-81860CF868D8}.Debug|Any CPU.ActiveCfg = Debug|Any CPU
		{107B62D5-D0E2-4F9E-BD3B-81860CF868D8}.Debug|Any CPU.Build.0 = Debug|Any CPU
		{107B62D5-D0E2-4F9E-BD3B-81860CF868D8}.Release|Any CPU.ActiveCfg = Release|Any CPU
		{107B62D5-D0E2-4F9E-BD3B-81860CF868D8}.Release|Any CPU.Build.0 = Release|Any CPU
		{B1D82C76-7216-4719-9296-6E5483254A99}.Debug|Any CPU.ActiveCfg = Debug|Any CPU
		{B1D82C76-7216-4719-9296-6E5483254A99}.Debug|Any CPU.Build.0 = Debug|Any CPU
		{B1D82C76-7216-4719-9296-6E5483254A99}.Release|Any CPU.ActiveCfg = Release|Any CPU
		{B1D82C76-7216-4719-9296-6E5483254A99}.Release|Any CPU.Build.0 = Release|Any CPU
		{2354D154-3C8F-4DD5-B698-8EF7D37238A8}.Debug|Any CPU.ActiveCfg = Debug|Any CPU
		{2354D154-3C8F-4DD5-B698-8EF7D37238A8}.Debug|Any CPU.Build.0 = Debug|Any CPU
		{2354D154-3C8F-4DD5-B698-8EF7D37238A8}.Release|Any CPU.ActiveCfg = Release|Any CPU
		{2354D154-3C8F-4DD5-B698-8EF7D37238A8}.Release|Any CPU.Build.0 = Release|Any CPU
		{2A2489ED-CDB0-4CA6-BB40-30FFD24D900F}.Debug|Any CPU.ActiveCfg = Debug|Any CPU
		{2A2489ED-CDB0-4CA6-BB40-30FFD24D900F}.Debug|Any CPU.Build.0 = Debug|Any CPU
		{2A2489ED-CDB0-4CA6-BB40-30FFD24D900F}.Release|Any CPU.ActiveCfg = Release|Any CPU
		{2A2489ED-CDB0-4CA6-BB40-30FFD24D900F}.Release|Any CPU.Build.0 = Release|Any CPU
		{A93164F9-30DC-4C47-92A9-411B1EF00C12}.Debug|Any CPU.ActiveCfg = Debug|Any CPU
		{A93164F9-30DC-4C47-92A9-411B1EF00C12}.Debug|Any CPU.Build.0 = Debug|Any CPU
		{A93164F9-30DC-4C47-92A9-411B1EF00C12}.Release|Any CPU.ActiveCfg = Release|Any CPU
		{A93164F9-30DC-4C47-92A9-411B1EF00C12}.Release|Any CPU.Build.0 = Release|Any CPU
		{55540178-A247-4588-9085-69B8A1C61D68}.Debug|Any CPU.ActiveCfg = Debug|Any CPU
		{55540178-A247-4588-9085-69B8A1C61D68}.Debug|Any CPU.Build.0 = Debug|Any CPU
		{55540178-A247-4588-9085-69B8A1C61D68}.Release|Any CPU.ActiveCfg = Release|Any CPU
		{55540178-A247-4588-9085-69B8A1C61D68}.Release|Any CPU.Build.0 = Release|Any CPU
		{B786D1B4-CE89-4470-AB1E-58A4B3D01615}.Debug|Any CPU.ActiveCfg = Debug|Any CPU
		{B786D1B4-CE89-4470-AB1E-58A4B3D01615}.Debug|Any CPU.Build.0 = Debug|Any CPU
		{B786D1B4-CE89-4470-AB1E-58A4B3D01615}.Release|Any CPU.ActiveCfg = Release|Any CPU
		{B786D1B4-CE89-4470-AB1E-58A4B3D01615}.Release|Any CPU.Build.0 = Release|Any CPU
		{ED89C950-BB68-4FF2-B17D-53A72DFC0FB2}.Debug|Any CPU.ActiveCfg = Debug|Any CPU
		{ED89C950-BB68-4FF2-B17D-53A72DFC0FB2}.Debug|Any CPU.Build.0 = Debug|Any CPU
		{ED89C950-BB68-4FF2-B17D-53A72DFC0FB2}.Release|Any CPU.ActiveCfg = Release|Any CPU
		{ED89C950-BB68-4FF2-B17D-53A72DFC0FB2}.Release|Any CPU.Build.0 = Release|Any CPU
		{A2E96AD4-8350-42BF-88BF-D5C1BCC6BE25}.Debug|Any CPU.ActiveCfg = Debug|Any CPU
		{A2E96AD4-8350-42BF-88BF-D5C1BCC6BE25}.Debug|Any CPU.Build.0 = Debug|Any CPU
		{A2E96AD4-8350-42BF-88BF-D5C1BCC6BE25}.Release|Any CPU.ActiveCfg = Release|Any CPU
		{A2E96AD4-8350-42BF-88BF-D5C1BCC6BE25}.Release|Any CPU.Build.0 = Release|Any CPU
		{7A68CC10-C393-4D13-A54D-7E455D596D12}.Debug|Any CPU.ActiveCfg = Debug|Any CPU
		{7A68CC10-C393-4D13-A54D-7E455D596D12}.Debug|Any CPU.Build.0 = Debug|Any CPU
		{7A68CC10-C393-4D13-A54D-7E455D596D12}.Release|Any CPU.ActiveCfg = Release|Any CPU
		{7A68CC10-C393-4D13-A54D-7E455D596D12}.Release|Any CPU.Build.0 = Release|Any CPU
		{35ADA45F-F02E-42A9-A26E-1AB2141E0490}.Debug|Any CPU.ActiveCfg = Debug|Any CPU
		{35ADA45F-F02E-42A9-A26E-1AB2141E0490}.Debug|Any CPU.Build.0 = Debug|Any CPU
		{35ADA45F-F02E-42A9-A26E-1AB2141E0490}.Release|Any CPU.ActiveCfg = Release|Any CPU
		{35ADA45F-F02E-42A9-A26E-1AB2141E0490}.Release|Any CPU.Build.0 = Release|Any CPU
		{725E5504-EF7E-4970-BB31-8D0B4BDA69A5}.Debug|Any CPU.ActiveCfg = Debug|Any CPU
		{725E5504-EF7E-4970-BB31-8D0B4BDA69A5}.Debug|Any CPU.Build.0 = Debug|Any CPU
		{725E5504-EF7E-4970-BB31-8D0B4BDA69A5}.Release|Any CPU.ActiveCfg = Release|Any CPU
		{725E5504-EF7E-4970-BB31-8D0B4BDA69A5}.Release|Any CPU.Build.0 = Release|Any CPU
		{932F522B-5AFF-4316-8053-3910F0B02319}.Debug|Any CPU.ActiveCfg = Debug|Any CPU
		{932F522B-5AFF-4316-8053-3910F0B02319}.Debug|Any CPU.Build.0 = Debug|Any CPU
		{932F522B-5AFF-4316-8053-3910F0B02319}.Release|Any CPU.ActiveCfg = Release|Any CPU
		{932F522B-5AFF-4316-8053-3910F0B02319}.Release|Any CPU.Build.0 = Release|Any CPU
		{977779CC-1678-4400-9143-235B53538BBF}.Debug|Any CPU.ActiveCfg = Debug|Any CPU
		{977779CC-1678-4400-9143-235B53538BBF}.Debug|Any CPU.Build.0 = Debug|Any CPU
		{977779CC-1678-4400-9143-235B53538BBF}.Release|Any CPU.ActiveCfg = Release|Any CPU
		{977779CC-1678-4400-9143-235B53538BBF}.Release|Any CPU.Build.0 = Release|Any CPU
		{AEBFBAC0-433B-4655-BF15-DB52381417D8}.Debug|Any CPU.ActiveCfg = Debug|Any CPU
		{AEBFBAC0-433B-4655-BF15-DB52381417D8}.Debug|Any CPU.Build.0 = Debug|Any CPU
		{AEBFBAC0-433B-4655-BF15-DB52381417D8}.Release|Any CPU.ActiveCfg = Release|Any CPU
		{AEBFBAC0-433B-4655-BF15-DB52381417D8}.Release|Any CPU.Build.0 = Release|Any CPU
		{B5037B58-2603-4330-9EF6-AD7A4432C401}.Debug|Any CPU.ActiveCfg = Debug|Any CPU
		{B5037B58-2603-4330-9EF6-AD7A4432C401}.Debug|Any CPU.Build.0 = Debug|Any CPU
		{B5037B58-2603-4330-9EF6-AD7A4432C401}.Release|Any CPU.ActiveCfg = Release|Any CPU
		{B5037B58-2603-4330-9EF6-AD7A4432C401}.Release|Any CPU.Build.0 = Release|Any CPU
		{F0E0B777-2EE5-4003-AE69-1F7AAA20DD9F}.Debug|Any CPU.ActiveCfg = Debug|Any CPU
		{F0E0B777-2EE5-4003-AE69-1F7AAA20DD9F}.Debug|Any CPU.Build.0 = Debug|Any CPU
		{F0E0B777-2EE5-4003-AE69-1F7AAA20DD9F}.Release|Any CPU.ActiveCfg = Release|Any CPU
		{F0E0B777-2EE5-4003-AE69-1F7AAA20DD9F}.Release|Any CPU.Build.0 = Release|Any CPU
		{6D88DB88-083D-4143-9CEA-4801A9C38D8A}.Debug|Any CPU.ActiveCfg = Debug|Any CPU
		{6D88DB88-083D-4143-9CEA-4801A9C38D8A}.Debug|Any CPU.Build.0 = Debug|Any CPU
		{6D88DB88-083D-4143-9CEA-4801A9C38D8A}.Release|Any CPU.ActiveCfg = Release|Any CPU
		{6D88DB88-083D-4143-9CEA-4801A9C38D8A}.Release|Any CPU.Build.0 = Release|Any CPU
		{110463A6-A0D4-4022-B79E-8B235A7EECD4}.Debug|Any CPU.ActiveCfg = Debug|Any CPU
		{110463A6-A0D4-4022-B79E-8B235A7EECD4}.Debug|Any CPU.Build.0 = Debug|Any CPU
		{110463A6-A0D4-4022-B79E-8B235A7EECD4}.Release|Any CPU.ActiveCfg = Release|Any CPU
		{110463A6-A0D4-4022-B79E-8B235A7EECD4}.Release|Any CPU.Build.0 = Release|Any CPU
		{E590FEA4-A00C-4E73-81ED-19F8049682BA}.Debug|Any CPU.ActiveCfg = Debug|Any CPU
		{E590FEA4-A00C-4E73-81ED-19F8049682BA}.Debug|Any CPU.Build.0 = Debug|Any CPU
		{E590FEA4-A00C-4E73-81ED-19F8049682BA}.Release|Any CPU.ActiveCfg = Release|Any CPU
		{E590FEA4-A00C-4E73-81ED-19F8049682BA}.Release|Any CPU.Build.0 = Release|Any CPU
		{1814313E-1DF5-412C-8A19-EF1F1F3D7668}.Debug|Any CPU.ActiveCfg = Debug|Any CPU
		{1814313E-1DF5-412C-8A19-EF1F1F3D7668}.Debug|Any CPU.Build.0 = Debug|Any CPU
		{1814313E-1DF5-412C-8A19-EF1F1F3D7668}.Release|Any CPU.ActiveCfg = Release|Any CPU
		{1814313E-1DF5-412C-8A19-EF1F1F3D7668}.Release|Any CPU.Build.0 = Release|Any CPU
		{CF81E655-0B29-45E3-BDAD-20B5BC4B22DC}.Debug|Any CPU.ActiveCfg = Debug|Any CPU
		{CF81E655-0B29-45E3-BDAD-20B5BC4B22DC}.Debug|Any CPU.Build.0 = Debug|Any CPU
		{CF81E655-0B29-45E3-BDAD-20B5BC4B22DC}.Release|Any CPU.ActiveCfg = Release|Any CPU
		{CF81E655-0B29-45E3-BDAD-20B5BC4B22DC}.Release|Any CPU.Build.0 = Release|Any CPU
		{CD2356B5-A117-4649-A610-8F7411197209}.Debug|Any CPU.ActiveCfg = Debug|Any CPU
		{CD2356B5-A117-4649-A610-8F7411197209}.Debug|Any CPU.Build.0 = Debug|Any CPU
		{CD2356B5-A117-4649-A610-8F7411197209}.Release|Any CPU.ActiveCfg = Release|Any CPU
		{CD2356B5-A117-4649-A610-8F7411197209}.Release|Any CPU.Build.0 = Release|Any CPU
		{2453FD47-15C9-48DB-A0AC-5847BBCBF941}.Debug|Any CPU.ActiveCfg = Debug|Any CPU
		{2453FD47-15C9-48DB-A0AC-5847BBCBF941}.Debug|Any CPU.Build.0 = Debug|Any CPU
		{2453FD47-15C9-48DB-A0AC-5847BBCBF941}.Release|Any CPU.ActiveCfg = Release|Any CPU
		{2453FD47-15C9-48DB-A0AC-5847BBCBF941}.Release|Any CPU.Build.0 = Release|Any CPU
		{9125A645-906E-438B-A85F-E826EE0F1562}.Debug|Any CPU.ActiveCfg = Debug|Any CPU
		{9125A645-906E-438B-A85F-E826EE0F1562}.Debug|Any CPU.Build.0 = Debug|Any CPU
		{9125A645-906E-438B-A85F-E826EE0F1562}.Release|Any CPU.ActiveCfg = Release|Any CPU
		{9125A645-906E-438B-A85F-E826EE0F1562}.Release|Any CPU.Build.0 = Release|Any CPU
		{0153776A-5FE2-40D3-8639-35D6DB4BFFF1}.Debug|Any CPU.ActiveCfg = Debug|Any CPU
		{0153776A-5FE2-40D3-8639-35D6DB4BFFF1}.Debug|Any CPU.Build.0 = Debug|Any CPU
		{0153776A-5FE2-40D3-8639-35D6DB4BFFF1}.Release|Any CPU.ActiveCfg = Release|Any CPU
		{0153776A-5FE2-40D3-8639-35D6DB4BFFF1}.Release|Any CPU.Build.0 = Release|Any CPU
		{432A288F-03EB-48E7-8170-D346FD454114}.Debug|Any CPU.ActiveCfg = Debug|Any CPU
		{432A288F-03EB-48E7-8170-D346FD454114}.Debug|Any CPU.Build.0 = Debug|Any CPU
		{432A288F-03EB-48E7-8170-D346FD454114}.Release|Any CPU.ActiveCfg = Release|Any CPU
		{432A288F-03EB-48E7-8170-D346FD454114}.Release|Any CPU.Build.0 = Release|Any CPU
		{1DD556A6-286E-45AD-84F1-90DFDF452B28}.Debug|Any CPU.ActiveCfg = Debug|Any CPU
		{1DD556A6-286E-45AD-84F1-90DFDF452B28}.Debug|Any CPU.Build.0 = Debug|Any CPU
		{1DD556A6-286E-45AD-84F1-90DFDF452B28}.Release|Any CPU.ActiveCfg = Release|Any CPU
		{1DD556A6-286E-45AD-84F1-90DFDF452B28}.Release|Any CPU.Build.0 = Release|Any CPU
		{AD50B032-E5F3-4C75-82E7-E3C426920006}.Debug|Any CPU.ActiveCfg = Debug|Any CPU
		{AD50B032-E5F3-4C75-82E7-E3C426920006}.Debug|Any CPU.Build.0 = Debug|Any CPU
		{AD50B032-E5F3-4C75-82E7-E3C426920006}.Release|Any CPU.ActiveCfg = Release|Any CPU
		{AD50B032-E5F3-4C75-82E7-E3C426920006}.Release|Any CPU.Build.0 = Release|Any CPU
		{6B3CC3A5-C21E-44B7-B872-1C3194D68CED}.Debug|Any CPU.ActiveCfg = Debug|Any CPU
		{6B3CC3A5-C21E-44B7-B872-1C3194D68CED}.Debug|Any CPU.Build.0 = Debug|Any CPU
		{6B3CC3A5-C21E-44B7-B872-1C3194D68CED}.Release|Any CPU.ActiveCfg = Release|Any CPU
		{6B3CC3A5-C21E-44B7-B872-1C3194D68CED}.Release|Any CPU.Build.0 = Release|Any CPU
	EndGlobalSection
	GlobalSection(SolutionProperties) = preSolution
		HideSolutionNode = FALSE
	EndGlobalSection
	GlobalSection(NestedProjects) = preSolution
		{77F971FC-0024-4A4C-BB99-B003EB8909FC} = {25A183FD-7661-4697-96E4-895E57A64352}
		{CFAB7965-3BE0-411C-A07D-97F046F4BE3C} = {25A183FD-7661-4697-96E4-895E57A64352}
		{9F894AC6-D740-4591-B079-1DAE033E3FEE} = {25A183FD-7661-4697-96E4-895E57A64352}
		{9924411C-F898-4151-BE64-7857EC994881} = {25A183FD-7661-4697-96E4-895E57A64352}
		{BE0AC29F-5153-4483-AB9B-E62A9FAF829F} = {25A183FD-7661-4697-96E4-895E57A64352}
		{DBC565A9-DEBE-4B77-9E18-42108836CC52} = {25A183FD-7661-4697-96E4-895E57A64352}
		{D144B8EA-90D2-48CC-8DC8-6A06AA7DD36D} = {25A183FD-7661-4697-96E4-895E57A64352}
		{E9600BE2-9FF9-41AD-943C-384C06D182B0} = {25A183FD-7661-4697-96E4-895E57A64352}
		{5DB600B0-6423-4302-9D73-936B1B1E5809} = {25A183FD-7661-4697-96E4-895E57A64352}
		{8C0FE58F-C388-4628-ACD0-D9BAF5A0A7C6} = {25A183FD-7661-4697-96E4-895E57A64352}
		{AF179CE5-28A8-40AE-AE25-916AA54189BB} = {4D7D203F-15A2-4FE9-9472-11FA71A5803D}
		{D569A146-FAE1-4C32-B2FC-A735982556A3} = {25A183FD-7661-4697-96E4-895E57A64352}
		{BF13E0AD-2990-4093-8B36-B1C8D09D02DF} = {25A183FD-7661-4697-96E4-895E57A64352}
		{4673B6AA-02FE-428D-8074-CCFFDE74FA9A} = {164B764B-2856-4EE7-8BC6-2E8EE4AD9320}
		{1E900E62-0D52-44D6-B472-6BF8F40CBD89} = {25A183FD-7661-4697-96E4-895E57A64352}
		{66710C5F-2BD9-45EC-823C-DD1266AF3985} = {25A183FD-7661-4697-96E4-895E57A64352}
		{BF0260CF-CCF5-4BAC-90F9-BF811B092A15} = {25A183FD-7661-4697-96E4-895E57A64352}
		{6C4B2A4F-97F4-41BA-8CC0-BF0167A1BFAF} = {25A183FD-7661-4697-96E4-895E57A64352}
		{ECCF0B18-4ED8-417B-81A8-80051CD24E71} = {25A183FD-7661-4697-96E4-895E57A64352}
		{2ECF92AC-B2B8-457B-856D-8251284C4128} = {25A183FD-7661-4697-96E4-895E57A64352}
		{98A75E0B-6E14-4953-B972-9D3574F463A5} = {25A183FD-7661-4697-96E4-895E57A64352}
		{107B62D5-D0E2-4F9E-BD3B-81860CF868D8} = {25A183FD-7661-4697-96E4-895E57A64352}
		{B1D82C76-7216-4719-9296-6E5483254A99} = {25A183FD-7661-4697-96E4-895E57A64352}
		{2354D154-3C8F-4DD5-B698-8EF7D37238A8} = {25A183FD-7661-4697-96E4-895E57A64352}
		{2A2489ED-CDB0-4CA6-BB40-30FFD24D900F} = {25A183FD-7661-4697-96E4-895E57A64352}
		{A93164F9-30DC-4C47-92A9-411B1EF00C12} = {25A183FD-7661-4697-96E4-895E57A64352}
		{55540178-A247-4588-9085-69B8A1C61D68} = {25A183FD-7661-4697-96E4-895E57A64352}
		{B786D1B4-CE89-4470-AB1E-58A4B3D01615} = {25A183FD-7661-4697-96E4-895E57A64352}
		{D54D07CB-8231-46E9-9C59-140FE9FF9188} = {25A183FD-7661-4697-96E4-895E57A64352}
		{ED89C950-BB68-4FF2-B17D-53A72DFC0FB2} = {25A183FD-7661-4697-96E4-895E57A64352}
		{A2E96AD4-8350-42BF-88BF-D5C1BCC6BE25} = {25A183FD-7661-4697-96E4-895E57A64352}
		{7A68CC10-C393-4D13-A54D-7E455D596D12} = {25A183FD-7661-4697-96E4-895E57A64352}
		{35ADA45F-F02E-42A9-A26E-1AB2141E0490} = {25A183FD-7661-4697-96E4-895E57A64352}
		{725E5504-EF7E-4970-BB31-8D0B4BDA69A5} = {25A183FD-7661-4697-96E4-895E57A64352}
		{932F522B-5AFF-4316-8053-3910F0B02319} = {25A183FD-7661-4697-96E4-895E57A64352}
		{977779CC-1678-4400-9143-235B53538BBF} = {25A183FD-7661-4697-96E4-895E57A64352}
		{AEBFBAC0-433B-4655-BF15-DB52381417D8} = {25A183FD-7661-4697-96E4-895E57A64352}
		{B5037B58-2603-4330-9EF6-AD7A4432C401} = {25A183FD-7661-4697-96E4-895E57A64352}
		{F0E0B777-2EE5-4003-AE69-1F7AAA20DD9F} = {25A183FD-7661-4697-96E4-895E57A64352}
		{6D88DB88-083D-4143-9CEA-4801A9C38D8A} = {25A183FD-7661-4697-96E4-895E57A64352}
		{110463A6-A0D4-4022-B79E-8B235A7EECD4} = {25A183FD-7661-4697-96E4-895E57A64352}
		{E590FEA4-A00C-4E73-81ED-19F8049682BA} = {25A183FD-7661-4697-96E4-895E57A64352}
		{1814313E-1DF5-412C-8A19-EF1F1F3D7668} = {D54D07CB-8231-46E9-9C59-140FE9FF9188}
		{CF81E655-0B29-45E3-BDAD-20B5BC4B22DC} = {25A183FD-7661-4697-96E4-895E57A64352}
		{CD2356B5-A117-4649-A610-8F7411197209} = {25A183FD-7661-4697-96E4-895E57A64352}
		{2453FD47-15C9-48DB-A0AC-5847BBCBF941} = {25A183FD-7661-4697-96E4-895E57A64352}
		{9125A645-906E-438B-A85F-E826EE0F1562} = {25A183FD-7661-4697-96E4-895E57A64352}
		{0153776A-5FE2-40D3-8639-35D6DB4BFFF1} = {D54D07CB-8231-46E9-9C59-140FE9FF9188}
		{432A288F-03EB-48E7-8170-D346FD454114} = {164B764B-2856-4EE7-8BC6-2E8EE4AD9320}
		{1DD556A6-286E-45AD-84F1-90DFDF452B28} = {D54D07CB-8231-46E9-9C59-140FE9FF9188}
		{AD50B032-E5F3-4C75-82E7-E3C426920006} = {164B764B-2856-4EE7-8BC6-2E8EE4AD9320}
		{6B3CC3A5-C21E-44B7-B872-1C3194D68CED} = {25A183FD-7661-4697-96E4-895E57A64352}
	EndGlobalSection
	GlobalSection(ExtensibilityGlobals) = postSolution
		SolutionGuid = {FD22E860-CCCE-47C1-B1BE-51511F2D9BF8}
	EndGlobalSection
EndGlobal
